
Microsoft Visual Studio Solution File, Format Version 12.00
# Visual Studio 15
VisualStudioVersion = 15.0.27703.2035
MinimumVisualStudioVersion = 10.0.40219.1
Project("{FAE04EC0-301F-11D3-BF4B-00C04F79EFBC}") = "WebApplicationTest", "WebApplicationTest\WebApplicationTest.csproj", "{E767A90F-9B75-4291-A8FF-310190DE3A27}"
EndProject
Project("{FAE04EC0-301F-11D3-BF4B-00C04F79EFBC}") = "WebApplicationTest.Tests", "WebApplicationTest.Tests\WebApplicationTest.Tests.csproj", "{71A1F2D2-E5A5-480C-B757-FD9B83295A54}"
EndProject
Global
	GlobalSection(SolutionConfigurationPlatforms) = preSolution
		Debug|Any CPU = Debug|Any CPU
		Release|Any CPU = Release|Any CPU
	EndGlobalSection
	GlobalSection(ProjectConfigurationPlatforms) = postSolution
		{E767A90F-9B75-4291-A8FF-310190DE3A27}.Debug|Any CPU.ActiveCfg = Debug|Any CPU
		{E767A90F-9B75-4291-A8FF-310190DE3A27}.Debug|Any CPU.Build.0 = Debug|Any CPU
		{E767A90F-9B75-4291-A8FF-310190DE3A27}.Release|Any CPU.ActiveCfg = Release|Any CPU
		{E767A90F-9B75-4291-A8FF-310190DE3A27}.Release|Any CPU.Build.0 = Release|Any CPU
		{71A1F2D2-E5A5-480C-B757-FD9B83295A54}.Debug|Any CPU.ActiveCfg = Debug|Any CPU
		{71A1F2D2-E5A5-480C-B757-FD9B83295A54}.Debug|Any CPU.Build.0 = Debug|Any CPU
		{71A1F2D2-E5A5-480C-B757-FD9B83295A54}.Release|Any CPU.ActiveCfg = Release|Any CPU
		{71A1F2D2-E5A5-480C-B757-FD9B83295A54}.Release|Any CPU.Build.0 = Release|Any CPU
	EndGlobalSection
	GlobalSection(SolutionProperties) = preSolution
		HideSolutionNode = FALSE
	EndGlobalSection
	GlobalSection(ExtensibilityGlobals) = postSolution
		SolutionGuid = {7CC6904B-F1A7-45DF-9B6C-BAEA26C52CB6}
	EndGlobalSection
EndGlobal
